{
  "name": "citrusver",
  "version": "3.0.6",
  "lockfileVersion": 3,
  "requires": true,
  "packages": {
    "": {
      "name": "citrusver",
      "version": "3.0.6",
      "license": "MIT",
      "bin": {
        "citrusver": "bin/citrusver.js",
        "citrusver-major": "bin/citrusver-major.js",
        "citrusver-minor": "bin/citrusver-minor.js",
        "citrusver-patch": "bin/citrusver-patch.js"
      },
      "engines": {
        "node": ">=14.0.0"
      }
    }
  }
}
